
Microsoft Visual Studio Solution File, Format Version 12.00
# Visual Studio Version 16
VisualStudioVersion = 16.0.28803.156
MinimumVisualStudioVersion = 10.0.40219.1
Project("{9A19103F-16F7-4668-BE54-9A1E7A4F7556}") = "CLITestSample", "CLIComponentLibrary\CLITestSample.csproj", "{B27A4CD2-6467-4887-88E5-659B64C8815B}"
EndProject
Project("{9A19103F-16F7-4668-BE54-9A1E7A4F7556}") = "Core", "Core\Core.csproj", "{BAB8183C-5D2D-4F8C-BA80-068B850DB80F}"
EndProject
Project("{778DAE3C-4631-46EA-AA77-85C1314464D9}") = "UnitTest", "UnitTest\UnitTest.vbproj", "{6E16B9D9-951A-49B7-8845-C15EB4263CE3}"
EndProject
Project("{9A19103F-16F7-4668-BE54-9A1E7A4F7556}") = "Initializer", "Initializer\Initializer.csproj", "{D14C769E-AC56-4469-AA6D-118330C76A04}"
EndProject
Global
	GlobalSection(SolutionConfigurationPlatforms) = preSolution
		Debug|Any CPU = Debug|Any CPU
		Release|Any CPU = Release|Any CPU
	EndGlobalSection
	GlobalSection(ProjectConfigurationPlatforms) = postSolution
		{B27A4CD2-6467-4887-88E5-659B64C8815B}.Debug|Any CPU.ActiveCfg = Debug|Any CPU
		{B27A4CD2-6467-4887-88E5-659B64C8815B}.Debug|Any CPU.Build.0 = Debug|Any CPU
		{B27A4CD2-6467-4887-88E5-659B64C8815B}.Release|Any CPU.ActiveCfg = Release|Any CPU
		{B27A4CD2-6467-4887-88E5-659B64C8815B}.Release|Any CPU.Build.0 = Release|Any CPU
		{BAB8183C-5D2D-4F8C-BA80-068B850DB80F}.Debug|Any CPU.ActiveCfg = Debug|Any CPU
		{BAB8183C-5D2D-4F8C-BA80-068B850DB80F}.Debug|Any CPU.Build.0 = Debug|Any CPU
		{BAB8183C-5D2D-4F8C-BA80-068B850DB80F}.Release|Any CPU.ActiveCfg = Release|Any CPU
		{BAB8183C-5D2D-4F8C-BA80-068B850DB80F}.Release|Any CPU.Build.0 = Release|Any CPU
		{6E16B9D9-951A-49B7-8845-C15EB4263CE3}.Debug|Any CPU.ActiveCfg = Debug|Any CPU
		{6E16B9D9-951A-49B7-8845-C15EB4263CE3}.Debug|Any CPU.Build.0 = Debug|Any CPU
		{6E16B9D9-951A-49B7-8845-C15EB4263CE3}.Release|Any CPU.ActiveCfg = Release|Any CPU
		{6E16B9D9-951A-49B7-8845-C15EB4263CE3}.Release|Any CPU.Build.0 = Release|Any CPU
		{D14C769E-AC56-4469-AA6D-118330C76A04}.Debug|Any CPU.ActiveCfg = Debug|Any CPU
		{D14C769E-AC56-4469-AA6D-118330C76A04}.Debug|Any CPU.Build.0 = Debug|Any CPU
		{D14C769E-AC56-4469-AA6D-118330C76A04}.Release|Any CPU.ActiveCfg = Release|Any CPU
		{D14C769E-AC56-4469-AA6D-118330C76A04}.Release|Any CPU.Build.0 = Release|Any CPU
	EndGlobalSection
	GlobalSection(SolutionProperties) = preSolution
		HideSolutionNode = FALSE
	EndGlobalSection
	GlobalSection(ExtensibilityGlobals) = postSolution
		SolutionGuid = {76821C6F-A1B7-4E39-9989-A0B002435392}
	EndGlobalSection
EndGlobal
